
Microsoft Visual Studio Solution File, Format Version 12.00
# Visual Studio Version 17
VisualStudioVersion = 17.11.35312.102
MinimumVisualStudioVersion = 10.0.40219.1
Project("{FAE04EC0-301F-11D3-BF4B-00C04F79EFBC}") = "Red Sismica", "Red Sismica\Red Sismica.csproj", "{06602635-EF92-4234-B13D-E2B78509E075}"
EndProject
Global
	GlobalSection(SolutionConfigurationPlatforms) = preSolution
		Debug|Any CPU = Debug|Any CPU
		Release|Any CPU = Release|Any CPU
	EndGlobalSection
	GlobalSection(ProjectConfigurationPlatforms) = postSolution
		{06602635-EF92-4234-B13D-E2B78509E075}.Debug|Any CPU.ActiveCfg = Debug|Any CPU
		{06602635-EF92-4234-B13D-E2B78509E075}.Debug|Any CPU.Build.0 = Debug|Any CPU
		{06602635-EF92-4234-B13D-E2B78509E075}.Release|Any CPU.ActiveCfg = Release|Any CPU
		{06602635-EF92-4234-B13D-E2B78509E075}.Release|Any CPU.Build.0 = Release|Any CPU
	EndGlobalSection
	GlobalSection(SolutionProperties) = preSolution
		HideSolutionNode = FALSE
	EndGlobalSection
	GlobalSection(ExtensibilityGlobals) = postSolution
		SolutionGuid = {66EC7EA9-D04A-4329-B2CD-39B1B9AF7B39}
	EndGlobalSection
EndGlobal
